
Microsoft Visual Studio Solution File, Format Version 12.00
# Visual Studio Version 17
VisualStudioVersion = 17.11.35312.102
MinimumVisualStudioVersion = 10.0.40219.1
Project("{9A19103F-16F7-4668-BE54-9A1E7A4F7556}") = "UserService", "UserService.csproj", "{536D25DF-5CCF-48F5-9FBF-57DFCAFFA69E}"
EndProject
Global
	GlobalSection(SolutionConfigurationPlatforms) = preSolution
		Debug|Any CPU = Debug|Any CPU
		Release|Any CPU = Release|Any CPU
	EndGlobalSection
	GlobalSection(ProjectConfigurationPlatforms) = postSolution
		{536D25DF-5CCF-48F5-9FBF-57DFCAFFA69E}.Debug|Any CPU.ActiveCfg = Debug|Any CPU
		{536D25DF-5CCF-48F5-9FBF-57DFCAFFA69E}.Debug|Any CPU.Build.0 = Debug|Any CPU
		{536D25DF-5CCF-48F5-9FBF-57DFCAFFA69E}.Release|Any CPU.ActiveCfg = Release|Any CPU
		{536D25DF-5CCF-48F5-9FBF-57DFCAFFA69E}.Release|Any CPU.Build.0 = Release|Any CPU
	EndGlobalSection
	GlobalSection(SolutionProperties) = preSolution
		HideSolutionNode = FALSE
	EndGlobalSection
	GlobalSection(ExtensibilityGlobals) = postSolution
		SolutionGuid = {5C87F3CD-5694-4DFF-8AA1-3491B8248082}
	EndGlobalSection
EndGlobal
